<?xml version="1.0" encoding="utf-8"?>
<Project ToolsVersion="4.0" xmlns="http://schemas.microsoft.com/developer/msbuild/2003">
  <ItemGroup>
    <Filter Include="Source Files">
      <UniqueIdentifier>{4FC737F1-C7A5-4376-A066-2A32D752A2FF}</UniqueIdentifier>
      <Extensions>cpp;c;cc;cxx;def;odl;idl;hpj;bat;asm;asmx</Extensions>
    </Filter>
    <Filter Include="Header Files">
      <UniqueIdentifier>{93995380-89BD-4b04-88EB-625FBE52EBFB}</UniqueIdentifier>
      <Extensions>h;hh;hpp;hxx;hm;inl;inc;ipp;xsd</Extensions>
    </Filter>
    <Filter Include="Resource Files">
      <UniqueIdentifier>{67DA6AB6-F800-4c08-8B7A-83BB121AAD01}</UniqueIdentifier>
      <Extensions>rc;ico;cur;bmp;dlg;rc2;rct;bin;rgs;gif;jpg;jpeg;jpe;resx;tiff;tif;png;wav;mfcribbon-ms</Extensions>
    </Filter>
    <Filter Include="Header Files\DataManagement">
      <UniqueIdentifier>{d99254e0-e267-4706-84f7-2b3ae517cefa}</UniqueIdentifier>
    </Filter>
    <Filter Include="Source Files\DataMangement">
      <UniqueIdentifier>{7434110e-1d09-4873-9c98-334f363f754c}</UniqueIdentifier>
    </Filter>
    <Filter Include="Header Files\AntColonyAlgorithm">
      <UniqueIdentifier>{eb44f2b6-f68d-47b3-af6e-2855ec2785fc}</UniqueIdentifier>
    </Filter>
    <Filter Include="Source Files\AntColonyAlgorithm">
      <UniqueIdentifier>{4483b1ea-9f53-4b37-aa1a-b14430ca8d18}</UniqueIdentifier>
    </Filter>
    <Filter Include="Source Files\DataMangement\RAPIDXML">
      <UniqueIdentifier>{bab59696-d885-4d9a-8d0f-5f0279b3fa9e}</UniqueIdentifier>
    </Filter>
  </ItemGroup>
  <ItemGroup>
    <ClCompile Include="AntColonySDN.cpp">
      <Filter>Source Files</Filter>
    </ClCompile>
    <ClCompile Include="DataManagement\DataLoader.cpp">
      <Filter>Source Files\DataMangement</Filter>
    </ClCompile>
    <ClCompile Include="AntColonyAlgorithm\AntColonyAlgorithm.cpp">
      <Filter>Source Files\AntColonyAlgorithm</Filter>
    </ClCompile>
    <ClCompile Include="DataManagement\NetworkStructure.cpp">
      <Filter>Source Files\DataMangement</Filter>
    </ClCompile>
    <ClCompile Include="DataManagement\Link.cpp">
      <Filter>Source Files\DataMangement</Filter>
    </ClCompile>
    <ClCompile Include="DataManagement\Node.cpp">
      <Filter>Source Files\DataMangement</Filter>
    </ClCompile>
    <ClCompile Include="AntColonyAlgorithm\Utils.cpp">
      <Filter>Source Files\AntColonyAlgorithm</Filter>
    </ClCompile>
    <ClCompile Include="AntColonyAlgorithm\Ant.cpp">
      <Filter>Source Files\AntColonyAlgorithm</Filter>
    </ClCompile>
  </ItemGroup>
  <ItemGroup>
    <ClInclude Include="AntColonyAlgorithm\AntColonyAlgorithm.h">
      <Filter>Header Files\AntColonyAlgorithm</Filter>
    </ClInclude>
    <ClInclude Include="DataManagement\DataLoader.h">
      <Filter>Header Files\DataManagement</Filter>
    </ClInclude>
    <ClInclude Include="DataManagement\RAPIDXML\rapidxml.hpp">
      <Filter>Source Files\DataMangement\RAPIDXML</Filter>
    </ClInclude>
    <ClInclude Include="DataManagement\RAPIDXML\rapidxml_iterators.hpp">
      <Filter>Source Files\DataMangement\RAPIDXML</Filter>
    </ClInclude>
    <ClInclude Include="DataManagement\RAPIDXML\rapidxml_print.hpp">
      <Filter>Source Files\DataMangement\RAPIDXML</Filter>
    </ClInclude>
    <ClInclude Include="DataManagement\RAPIDXML\rapidxml_utils.hpp">
      <Filter>Source Files\DataMangement\RAPIDXML</Filter>
    </ClInclude>
    <ClInclude Include="DataManagement\NetworkStructure.h">
      <Filter>Header Files\DataManagement</Filter>
    </ClInclude>
    <ClInclude Include="DataManagement\Link.h">
      <Filter>Header Files\DataManagement</Filter>
    </ClInclude>
    <ClInclude Include="DataManagement\Node.h">
      <Filter>Header Files\DataManagement</Filter>
    </ClInclude>
    <ClInclude Include="AntColonyAlgorithm\Utils.h">
      <Filter>Header Files\AntColonyAlgorithm</Filter>
    </ClInclude>
    <ClInclude Include="AntColonyAlgorithm\Ant.h">
      <Filter>Header Files\AntColonyAlgorithm</Filter>
    </ClInclude>
  </ItemGroup>
  <ItemGroup>
    <Xml Include="Resources\germany50.xml">
      <Filter>Resource Files</Filter>
    </Xml>
    <Xml Include="Resources\traffic.xml">
      <Filter>Resource Files</Filter>
    </Xml>
    <Xml Include="Resources\simpleExampleNetwork.xml">
      <Filter>Resource Files</Filter>
    </Xml>
    <Xml Include="Resources\simpleExampleTraffic.xml">
      <Filter>Resource Files</Filter>
    </Xml>
  </ItemGroup>
</Project>